PODS:
  - IPaImagePreviewer (3.2):
    - IPaIndicator
  - IPaIndicator (3.3)

DEPENDENCIES:
  - IPaImagePreviewer (from `../`)

SPEC REPOS:
  https://github.com/ipapamagic/IPaPods.git:
    - IPaIndicator

EXTERNAL SOURCES:
  IPaImagePreviewer:
    :path: "../"

SPEC CHECKSUMS:
  IPaImagePreviewer: 3ed1b9f031de819e1cacb78d544bcfb26eda34e0
  IPaIndicator: b7c9369f5ced8f1bac4ca9d49d6cee604dcd2bc9

PODFILE CHECKSUM: 4ad19cd34e0de1fb446a2be7837cef1d64cf642e

COCOAPODS: 1.7.0.beta.2
