PODS:
  - FBSnapshotTestCase (2.1.4):
    - FBSnapshotTestCase/SwiftSupport (= 2.1.4)
  - FBSnapshotTestCase/Core (2.1.4)
  - FBSnapshotTestCase/SwiftSupport (2.1.4):
    - FBSnapshotTestCase/Core
  - IPaImagePreviewer (2.0):
    - IPaIndicator
  - IPaIndicator (2.0.1)

DEPENDENCIES:
  - FBSnapshotTestCase
  - IPaImagePreviewer (from `../`)

EXTERNAL SOURCES:
  IPaImagePreviewer:
    :path: ../

SPEC CHECKSUMS:
  FBSnapshotTestCase: 094f9f314decbabe373b87cc339bea235a63e07a
  IPaImagePreviewer: af82735516f90f8faf35cf2b65cd1c50f8161a00
  IPaIndicator: c966595d8a4c6530070f4b8a8f594ed87f76b399

PODFILE CHECKSUM: f5badeaac291170a7979c38e7b54c8a8e0b5f3cb

COCOAPODS: 1.3.0
